
Microsoft Visual Studio Solution File, Format Version 12.00
# Visual Studio Version 17
VisualStudioVersion = 17.3.32901.215
MinimumVisualStudioVersion = 10.0.40219.1
Project("{FAE04EC0-301F-11D3-BF4B-00C04F79EFBC}") = "GlobaxIT", "GlobaxIT\GlobaxIT.csproj", "{23241FF7-6D34-459E-93B5-1A70B3C6DF2C}"
EndProject
Project("{FAE04EC0-301F-11D3-BF4B-00C04F79EFBC}") = "TestApi", "TestApi\TestApi.csproj", "{A41C891C-1F35-4562-BE32-1DD236C8DE2D}"
EndProject
Global
	GlobalSection(SolutionConfigurationPlatforms) = preSolution
		Debug|Any CPU = Debug|Any CPU
		Release|Any CPU = Release|Any CPU
	EndGlobalSection
	GlobalSection(ProjectConfigurationPlatforms) = postSolution
		{23241FF7-6D34-459E-93B5-1A70B3C6DF2C}.Debug|Any CPU.ActiveCfg = Debug|Any CPU
		{23241FF7-6D34-459E-93B5-1A70B3C6DF2C}.Debug|Any CPU.Build.0 = Debug|Any CPU
		{23241FF7-6D34-459E-93B5-1A70B3C6DF2C}.Release|Any CPU.ActiveCfg = Release|Any CPU
		{23241FF7-6D34-459E-93B5-1A70B3C6DF2C}.Release|Any CPU.Build.0 = Release|Any CPU
		{A41C891C-1F35-4562-BE32-1DD236C8DE2D}.Debug|Any CPU.ActiveCfg = Debug|Any CPU
		{A41C891C-1F35-4562-BE32-1DD236C8DE2D}.Debug|Any CPU.Build.0 = Debug|Any CPU
		{A41C891C-1F35-4562-BE32-1DD236C8DE2D}.Release|Any CPU.ActiveCfg = Release|Any CPU
		{A41C891C-1F35-4562-BE32-1DD236C8DE2D}.Release|Any CPU.Build.0 = Release|Any CPU
	EndGlobalSection
	GlobalSection(SolutionProperties) = preSolution
		HideSolutionNode = FALSE
	EndGlobalSection
	GlobalSection(ExtensibilityGlobals) = postSolution
		SolutionGuid = {EC820125-EC09-49BB-AE73-AB80EA0E773E}
	EndGlobalSection
EndGlobal
